
Microsoft Visual Studio Solution File, Format Version 12.00
# Visual Studio Version 18
VisualStudioVersion = 18.1.11312.151
MinimumVisualStudioVersion = 10.0.40219.1
Project("{9A19103F-16F7-4668-BE54-9A1E7A4F7556}") = "TapeConNET", "TapeConNET\TapeConNET.csproj", "{F3BDBEA7-85C7-4991-8B3E-4A3D9F22EEAF}"
EndProject
Project("{9A19103F-16F7-4668-BE54-9A1E7A4F7556}") = "TapeLibNET", "TapeLibNET\TapeLibNET.csproj", "{9956D22F-2441-49FC-8BDF-3812AD1C986E}"
EndProject
Project("{2150E333-8FDC-42A3-9474-1A3956D46DE8}") = "Solution Items", "Solution Items", "{05797F42-3FC6-4D1F-AB9C-C3E0E00F5914}"
	ProjectSection(SolutionItems) = preProject
		LICENSE.txt = LICENSE.txt
		README.md = README.md
		TapeNET-Context-Primer.md = TapeNET-Context-Primer.md
		Versioning.targets = Versioning.targets
	EndProjectSection
EndProject
Project("{FAE04EC0-301F-11D3-BF4B-00C04F79EFBC}") = "TapeWinNET", "TapeWinNET\TapeWinNET.csproj", "{25C6C06B-A37D-429B-80FE-8614EB5CABE5}"
EndProject
Project("{FAE04EC0-301F-11D3-BF4B-00C04F79EFBC}") = "FclNET", "FclNET\FclNET.csproj", "{A498AA5D-FE94-42D0-BFDD-7E577A44AD4A}"
EndProject
Project("{FAE04EC0-301F-11D3-BF4B-00C04F79EFBC}") = "FclNET.Tests", "FclNET.Tests\FclNET.Tests.csproj", "{484C9BBE-B0B6-4E99-977D-29A555C8E143}"
EndProject
Project("{FAE04EC0-301F-11D3-BF4B-00C04F79EFBC}") = "FclAiNET", "FclAiNET\FclAiNET.csproj", "{102E19B8-F60E-41CB-AEDD-31DCE5477CB6}"
EndProject
Project("{FAE04EC0-301F-11D3-BF4B-00C04F79EFBC}") = "FclAiNET.Test", "FclAiNET.Test\FclAiNET.Test.csproj", "{03F21A18-660D-45E1-AA78-2E2F763CD344}"
EndProject
Project("{FAE04EC0-301F-11D3-BF4B-00C04F79EFBC}") = "TapeLibNET.Tests", "TapeLibNET.Tests\TapeLibNET.Tests.csproj", "{930D70E2-BA40-4930-8005-F8BFA5DD18F4}"
EndProject
Project("{FAE04EC0-301F-11D3-BF4B-00C04F79EFBC}") = "TapeServiceNET", "TapeServiceNET\TapeServiceNET.csproj", "{6D1D659E-AAC3-4D7F-929D-CEEDB32AB4E1}"
EndProject
Project("{FAE04EC0-301F-11D3-BF4B-00C04F79EFBC}") = "TapeConNET.Tests", "TapeConNET.Tests\TapeConNET.Tests.csproj", "{F9827DB2-54CF-4497-9EB3-E1AD6B11C63B}"
EndProject
Project("{2150E333-8FDC-42A3-9474-1A3956D46DE8}") = "Help System", "Help System", "{F9718C33-DCDD-6A3A-DD8E-C2EA5680FB18}"
EndProject
Project("{FAE04EC0-301F-11D3-BF4B-00C04F79EFBC}") = "AiNET", "AiNET\AiNET.csproj", "{4459B0A1-95DD-413E-B090-79F4046043F0}"
EndProject
Project("{FAE04EC0-301F-11D3-BF4B-00C04F79EFBC}") = "AiNET.Tests", "AiNET.Tests\AiNET.Tests.csproj", "{B1459B28-626A-4DD1-A229-C2F62815954C}"
EndProject
Project("{FAE04EC0-301F-11D3-BF4B-00C04F79EFBC}") = "HelpNET", "HelpNET\HelpNET.csproj", "{EA530A21-2DC5-4B20-AB83-823EB0D1733B}"
EndProject
Project("{FAE04EC0-301F-11D3-BF4B-00C04F79EFBC}") = "HelpNET.Tests", "HelpNET.Tests\HelpNET.Tests.csproj", "{72C06E5B-5340-486D-93CD-0BD6B1E449CD}"
EndProject
Project("{2150E333-8FDC-42A3-9474-1A3956D46DE8}") = "Tools", "Tools", "{789766E5-F4EF-1200-FD64-4C9D1BF4A748}"
EndProject
Project("{FAE04EC0-301F-11D3-BF4B-00C04F79EFBC}") = "HelpIndexBuilder", "HelpNET\Tools\HelpIndexBuilder\HelpIndexBuilder.csproj", "{8B9418DF-E7D9-4F80-90FF-48D6DF4A6AE5}"
EndProject
Project("{FAE04EC0-301F-11D3-BF4B-00C04F79EFBC}") = "TapeWinNET.Tests", "TapeWinNET.Tests\TapeWinNET.Tests.csproj", "{C7995F84-F6F3-498F-8DC8-EBF051DEB822}"
EndProject
Project("{2150E333-8FDC-42A3-9474-1A3956D46DE8}") = "Tools", "Tools", "{F403A594-E99A-46F4-B53F-A6D4674980D5}"
	ProjectSection(SolutionItems) = preProject
		Generate-TestFiles.ps1 = Generate-TestFiles.ps1
	EndProjectSection
EndProject
Global
	GlobalSection(SolutionConfigurationPlatforms) = preSolution
		Debug|Any CPU = Debug|Any CPU
		Debug|Win32 = Debug|Win32
		Debug|x64 = Debug|x64
		Debug|x86 = Debug|x86
		Release|Any CPU = Release|Any CPU
		Release|Win32 = Release|Win32
		Release|x64 = Release|x64
		Release|x86 = Release|x86
	EndGlobalSection
	GlobalSection(ProjectConfigurationPlatforms) = postSolution
		{F3BDBEA7-85C7-4991-8B3E-4A3D9F22EEAF}.Debug|Any CPU.ActiveCfg = Debug|Any CPU
		{F3BDBEA7-85C7-4991-8B3E-4A3D9F22EEAF}.Debug|Any CPU.Build.0 = Debug|Any CPU
		{F3BDBEA7-85C7-4991-8B3E-4A3D9F22EEAF}.Debug|Win32.ActiveCfg = Debug|Any CPU
		{F3BDBEA7-85C7-4991-8B3E-4A3D9F22EEAF}.Debug|Win32.Build.0 = Debug|Any CPU
		{F3BDBEA7-85C7-4991-8B3E-4A3D9F22EEAF}.Debug|x64.ActiveCfg = Debug|Any CPU
		{F3BDBEA7-85C7-4991-8B3E-4A3D9F22EEAF}.Debug|x64.Build.0 = Debug|Any CPU
		{F3BDBEA7-85C7-4991-8B3E-4A3D9F22EEAF}.Debug|x86.ActiveCfg = Debug|Any CPU
		{F3BDBEA7-85C7-4991-8B3E-4A3D9F22EEAF}.Debug|x86.Build.0 = Debug|Any CPU
		{F3BDBEA7-85C7-4991-8B3E-4A3D9F22EEAF}.Release|Any CPU.ActiveCfg = Release|Any CPU
		{F3BDBEA7-85C7-4991-8B3E-4A3D9F22EEAF}.Release|Any CPU.Build.0 = Release|Any CPU
		{F3BDBEA7-85C7-4991-8B3E-4A3D9F22EEAF}.Release|Win32.ActiveCfg = Release|Any CPU
		{F3BDBEA7-85C7-4991-8B3E-4A3D9F22EEAF}.Release|Win32.Build.0 = Release|Any CPU
		{F3BDBEA7-85C7-4991-8B3E-4A3D9F22EEAF}.Release|x64.ActiveCfg = Release|Any CPU
		{F3BDBEA7-85C7-4991-8B3E-4A3D9F22EEAF}.Release|x64.Build.0 = Release|Any CPU
		{F3BDBEA7-85C7-4991-8B3E-4A3D9F22EEAF}.Release|x86.ActiveCfg = Release|Any CPU
		{F3BDBEA7-85C7-4991-8B3E-4A3D9F22EEAF}.Release|x86.Build.0 = Release|Any CPU
		{9956D22F-2441-49FC-8BDF-3812AD1C986E}.Debug|Any CPU.ActiveCfg = Debug|Any CPU
		{9956D22F-2441-49FC-8BDF-3812AD1C986E}.Debug|Any CPU.Build.0 = Debug|Any CPU
		{9956D22F-2441-49FC-8BDF-3812AD1C986E}.Debug|Win32.ActiveCfg = Debug|Any CPU
		{9956D22F-2441-49FC-8BDF-3812AD1C986E}.Debug|Win32.Build.0 = Debug|Any CPU
		{9956D22F-2441-49FC-8BDF-3812AD1C986E}.Debug|x64.ActiveCfg = Debug|Any CPU
		{9956D22F-2441-49FC-8BDF-3812AD1C986E}.Debug|x64.Build.0 = Debug|Any CPU
		{9956D22F-2441-49FC-8BDF-3812AD1C986E}.Debug|x86.ActiveCfg = Debug|Any CPU
		{9956D22F-2441-49FC-8BDF-3812AD1C986E}.Debug|x86.Build.0 = Debug|Any CPU
		{9956D22F-2441-49FC-8BDF-3812AD1C986E}.Release|Any CPU.ActiveCfg = Release|Any CPU
		{9956D22F-2441-49FC-8BDF-3812AD1C986E}.Release|Any CPU.Build.0 = Release|Any CPU
		{9956D22F-2441-49FC-8BDF-3812AD1C986E}.Release|Win32.ActiveCfg = Release|Any CPU
		{9956D22F-2441-49FC-8BDF-3812AD1C986E}.Release|Win32.Build.0 = Release|Any CPU
		{9956D22F-2441-49FC-8BDF-3812AD1C986E}.Release|x64.ActiveCfg = Release|Any CPU
		{9956D22F-2441-49FC-8BDF-3812AD1C986E}.Release|x64.Build.0 = Release|Any CPU
		{9956D22F-2441-49FC-8BDF-3812AD1C986E}.Release|x86.ActiveCfg = Release|Any CPU
		{9956D22F-2441-49FC-8BDF-3812AD1C986E}.Release|x86.Build.0 = Release|Any CPU
		{25C6C06B-A37D-429B-80FE-8614EB5CABE5}.Debug|Any CPU.ActiveCfg = Debug|Any CPU
		{25C6C06B-A37D-429B-80FE-8614EB5CABE5}.Debug|Any CPU.Build.0 = Debug|Any CPU
		{25C6C06B-A37D-429B-80FE-8614EB5CABE5}.Debug|Win32.ActiveCfg = Debug|Any CPU
		{25C6C06B-A37D-429B-80FE-8614EB5CABE5}.Debug|Win32.Build.0 = Debug|Any CPU
		{25C6C06B-A37D-429B-80FE-8614EB5CABE5}.Debug|x64.ActiveCfg = Debug|Any CPU
		{25C6C06B-A37D-429B-80FE-8614EB5CABE5}.Debug|x64.Build.0 = Debug|Any CPU
		{25C6C06B-A37D-429B-80FE-8614EB5CABE5}.Debug|x86.ActiveCfg = Debug|Any CPU
		{25C6C06B-A37D-429B-80FE-8614EB5CABE5}.Debug|x86.Build.0 = Debug|Any CPU
		{25C6C06B-A37D-429B-80FE-8614EB5CABE5}.Release|Any CPU.ActiveCfg = Release|Any CPU
		{25C6C06B-A37D-429B-80FE-8614EB5CABE5}.Release|Any CPU.Build.0 = Release|Any CPU
		{25C6C06B-A37D-429B-80FE-8614EB5CABE5}.Release|Win32.ActiveCfg = Release|Any CPU
		{25C6C06B-A37D-429B-80FE-8614EB5CABE5}.Release|Win32.Build.0 = Release|Any CPU
		{25C6C06B-A37D-429B-80FE-8614EB5CABE5}.Release|x64.ActiveCfg = Release|Any CPU
		{25C6C06B-A37D-429B-80FE-8614EB5CABE5}.Release|x64.Build.0 = Release|Any CPU
		{25C6C06B-A37D-429B-80FE-8614EB5CABE5}.Release|x86.ActiveCfg = Release|Any CPU
		{25C6C06B-A37D-429B-80FE-8614EB5CABE5}.Release|x86.Build.0 = Release|Any CPU
		{A498AA5D-FE94-42D0-BFDD-7E577A44AD4A}.Debug|Any CPU.ActiveCfg = Debug|Any CPU
		{A498AA5D-FE94-42D0-BFDD-7E577A44AD4A}.Debug|Any CPU.Build.0 = Debug|Any CPU
		{A498AA5D-FE94-42D0-BFDD-7E577A44AD4A}.Debug|Win32.ActiveCfg = Debug|Any CPU
		{A498AA5D-FE94-42D0-BFDD-7E577A44AD4A}.Debug|Win32.Build.0 = Debug|Any CPU
		{A498AA5D-FE94-42D0-BFDD-7E577A44AD4A}.Debug|x64.ActiveCfg = Debug|Any CPU
		{A498AA5D-FE94-42D0-BFDD-7E577A44AD4A}.Debug|x64.Build.0 = Debug|Any CPU
		{A498AA5D-FE94-42D0-BFDD-7E577A44AD4A}.Debug|x86.ActiveCfg = Debug|Any CPU
		{A498AA5D-FE94-42D0-BFDD-7E577A44AD4A}.Debug|x86.Build.0 = Debug|Any CPU
		{A498AA5D-FE94-42D0-BFDD-7E577A44AD4A}.Release|Any CPU.ActiveCfg = Release|Any CPU
		{A498AA5D-FE94-42D0-BFDD-7E577A44AD4A}.Release|Any CPU.Build.0 = Release|Any CPU
		{A498AA5D-FE94-42D0-BFDD-7E577A44AD4A}.Release|Win32.ActiveCfg = Release|Any CPU
		{A498AA5D-FE94-42D0-BFDD-7E577A44AD4A}.Release|Win32.Build.0 = Release|Any CPU
		{A498AA5D-FE94-42D0-BFDD-7E577A44AD4A}.Release|x64.ActiveCfg = Release|Any CPU
		{A498AA5D-FE94-42D0-BFDD-7E577A44AD4A}.Release|x64.Build.0 = Release|Any CPU
		{A498AA5D-FE94-42D0-BFDD-7E577A44AD4A}.Release|x86.ActiveCfg = Release|Any CPU
		{A498AA5D-FE94-42D0-BFDD-7E577A44AD4A}.Release|x86.Build.0 = Release|Any CPU
		{484C9BBE-B0B6-4E99-977D-29A555C8E143}.Debug|Any CPU.ActiveCfg = Debug|Any CPU
		{484C9BBE-B0B6-4E99-977D-29A555C8E143}.Debug|Any CPU.Build.0 = Debug|Any CPU
		{484C9BBE-B0B6-4E99-977D-29A555C8E143}.Debug|Win32.ActiveCfg = Debug|Any CPU
		{484C9BBE-B0B6-4E99-977D-29A555C8E143}.Debug|Win32.Build.0 = Debug|Any CPU
		{484C9BBE-B0B6-4E99-977D-29A555C8E143}.Debug|x64.ActiveCfg = Debug|Any CPU
		{484C9BBE-B0B6-4E99-977D-29A555C8E143}.Debug|x64.Build.0 = Debug|Any CPU
		{484C9BBE-B0B6-4E99-977D-29A555C8E143}.Debug|x86.ActiveCfg = Debug|Any CPU
		{484C9BBE-B0B6-4E99-977D-29A555C8E143}.Debug|x86.Build.0 = Debug|Any CPU
		{484C9BBE-B0B6-4E99-977D-29A555C8E143}.Release|Any CPU.ActiveCfg = Release|Any CPU
		{484C9BBE-B0B6-4E99-977D-29A555C8E143}.Release|Any CPU.Build.0 = Release|Any CPU
		{484C9BBE-B0B6-4E99-977D-29A555C8E143}.Release|Win32.ActiveCfg = Release|Any CPU
		{484C9BBE-B0B6-4E99-977D-29A555C8E143}.Release|Win32.Build.0 = Release|Any CPU
		{484C9BBE-B0B6-4E99-977D-29A555C8E143}.Release|x64.ActiveCfg = Release|Any CPU
		{484C9BBE-B0B6-4E99-977D-29A555C8E143}.Release|x64.Build.0 = Release|Any CPU
		{484C9BBE-B0B6-4E99-977D-29A555C8E143}.Release|x86.ActiveCfg = Release|Any CPU
		{484C9BBE-B0B6-4E99-977D-29A555C8E143}.Release|x86.Build.0 = Release|Any CPU
		{102E19B8-F60E-41CB-AEDD-31DCE5477CB6}.Debug|Any CPU.ActiveCfg = Debug|Any CPU
		{102E19B8-F60E-41CB-AEDD-31DCE5477CB6}.Debug|Any CPU.Build.0 = Debug|Any CPU
		{102E19B8-F60E-41CB-AEDD-31DCE5477CB6}.Debug|Win32.ActiveCfg = Debug|Any CPU
		{102E19B8-F60E-41CB-AEDD-31DCE5477CB6}.Debug|Win32.Build.0 = Debug|Any CPU
		{102E19B8-F60E-41CB-AEDD-31DCE5477CB6}.Debug|x64.ActiveCfg = Debug|Any CPU
		{102E19B8-F60E-41CB-AEDD-31DCE5477CB6}.Debug|x64.Build.0 = Debug|Any CPU
		{102E19B8-F60E-41CB-AEDD-31DCE5477CB6}.Debug|x86.ActiveCfg = Debug|Any CPU
		{102E19B8-F60E-41CB-AEDD-31DCE5477CB6}.Debug|x86.Build.0 = Debug|Any CPU
		{102E19B8-F60E-41CB-AEDD-31DCE5477CB6}.Release|Any CPU.ActiveCfg = Release|Any CPU
		{102E19B8-F60E-41CB-AEDD-31DCE5477CB6}.Release|Any CPU.Build.0 = Release|Any CPU
		{102E19B8-F60E-41CB-AEDD-31DCE5477CB6}.Release|Win32.ActiveCfg = Release|Any CPU
		{102E19B8-F60E-41CB-AEDD-31DCE5477CB6}.Release|Win32.Build.0 = Release|Any CPU
		{102E19B8-F60E-41CB-AEDD-31DCE5477CB6}.Release|x64.ActiveCfg = Release|Any CPU
		{102E19B8-F60E-41CB-AEDD-31DCE5477CB6}.Release|x64.Build.0 = Release|Any CPU
		{102E19B8-F60E-41CB-AEDD-31DCE5477CB6}.Release|x86.ActiveCfg = Release|Any CPU
		{102E19B8-F60E-41CB-AEDD-31DCE5477CB6}.Release|x86.Build.0 = Release|Any CPU
		{03F21A18-660D-45E1-AA78-2E2F763CD344}.Debug|Any CPU.ActiveCfg = Debug|Any CPU
		{03F21A18-660D-45E1-AA78-2E2F763CD344}.Debug|Any CPU.Build.0 = Debug|Any CPU
		{03F21A18-660D-45E1-AA78-2E2F763CD344}.Debug|Win32.ActiveCfg = Debug|Any CPU
		{03F21A18-660D-45E1-AA78-2E2F763CD344}.Debug|Win32.Build.0 = Debug|Any CPU
		{03F21A18-660D-45E1-AA78-2E2F763CD344}.Debug|x64.ActiveCfg = Debug|Any CPU
		{03F21A18-660D-45E1-AA78-2E2F763CD344}.Debug|x64.Build.0 = Debug|Any CPU
		{03F21A18-660D-45E1-AA78-2E2F763CD344}.Debug|x86.ActiveCfg = Debug|Any CPU
		{03F21A18-660D-45E1-AA78-2E2F763CD344}.Debug|x86.Build.0 = Debug|Any CPU
		{03F21A18-660D-45E1-AA78-2E2F763CD344}.Release|Any CPU.ActiveCfg = Release|Any CPU
		{03F21A18-660D-45E1-AA78-2E2F763CD344}.Release|Any CPU.Build.0 = Release|Any CPU
		{03F21A18-660D-45E1-AA78-2E2F763CD344}.Release|Win32.ActiveCfg = Release|Any CPU
		{03F21A18-660D-45E1-AA78-2E2F763CD344}.Release|Win32.Build.0 = Release|Any CPU
		{03F21A18-660D-45E1-AA78-2E2F763CD344}.Release|x64.ActiveCfg = Release|Any CPU
		{03F21A18-660D-45E1-AA78-2E2F763CD344}.Release|x64.Build.0 = Release|Any CPU
		{03F21A18-660D-45E1-AA78-2E2F763CD344}.Release|x86.ActiveCfg = Release|Any CPU
		{03F21A18-660D-45E1-AA78-2E2F763CD344}.Release|x86.Build.0 = Release|Any CPU
		{930D70E2-BA40-4930-8005-F8BFA5DD18F4}.Debug|Any CPU.ActiveCfg = Debug|Any CPU
		{930D70E2-BA40-4930-8005-F8BFA5DD18F4}.Debug|Any CPU.Build.0 = Debug|Any CPU
		{930D70E2-BA40-4930-8005-F8BFA5DD18F4}.Debug|Win32.ActiveCfg = Debug|Any CPU
		{930D70E2-BA40-4930-8005-F8BFA5DD18F4}.Debug|Win32.Build.0 = Debug|Any CPU
		{930D70E2-BA40-4930-8005-F8BFA5DD18F4}.Debug|x64.ActiveCfg = Debug|Any CPU
		{930D70E2-BA40-4930-8005-F8BFA5DD18F4}.Debug|x64.Build.0 = Debug|Any CPU
		{930D70E2-BA40-4930-8005-F8BFA5DD18F4}.Debug|x86.ActiveCfg = Debug|Any CPU
		{930D70E2-BA40-4930-8005-F8BFA5DD18F4}.Debug|x86.Build.0 = Debug|Any CPU
		{930D70E2-BA40-4930-8005-F8BFA5DD18F4}.Release|Any CPU.ActiveCfg = Release|Any CPU
		{930D70E2-BA40-4930-8005-F8BFA5DD18F4}.Release|Any CPU.Build.0 = Release|Any CPU
		{930D70E2-BA40-4930-8005-F8BFA5DD18F4}.Release|Win32.ActiveCfg = Release|Any CPU
		{930D70E2-BA40-4930-8005-F8BFA5DD18F4}.Release|Win32.Build.0 = Release|Any CPU
		{930D70E2-BA40-4930-8005-F8BFA5DD18F4}.Release|x64.ActiveCfg = Release|Any CPU
		{930D70E2-BA40-4930-8005-F8BFA5DD18F4}.Release|x64.Build.0 = Release|Any CPU
		{930D70E2-BA40-4930-8005-F8BFA5DD18F4}.Release|x86.ActiveCfg = Release|Any CPU
		{930D70E2-BA40-4930-8005-F8BFA5DD18F4}.Release|x86.Build.0 = Release|Any CPU
		{6D1D659E-AAC3-4D7F-929D-CEEDB32AB4E1}.Debug|Any CPU.ActiveCfg = Debug|Any CPU
		{6D1D659E-AAC3-4D7F-929D-CEEDB32AB4E1}.Debug|Any CPU.Build.0 = Debug|Any CPU
		{6D1D659E-AAC3-4D7F-929D-CEEDB32AB4E1}.Debug|Win32.ActiveCfg = Debug|Any CPU
		{6D1D659E-AAC3-4D7F-929D-CEEDB32AB4E1}.Debug|Win32.Build.0 = Debug|Any CPU
		{6D1D659E-AAC3-4D7F-929D-CEEDB32AB4E1}.Debug|x64.ActiveCfg = Debug|Any CPU
		{6D1D659E-AAC3-4D7F-929D-CEEDB32AB4E1}.Debug|x64.Build.0 = Debug|Any CPU
		{6D1D659E-AAC3-4D7F-929D-CEEDB32AB4E1}.Debug|x86.ActiveCfg = Debug|Any CPU
		{6D1D659E-AAC3-4D7F-929D-CEEDB32AB4E1}.Debug|x86.Build.0 = Debug|Any CPU
		{6D1D659E-AAC3-4D7F-929D-CEEDB32AB4E1}.Release|Any CPU.ActiveCfg = Release|Any CPU
		{6D1D659E-AAC3-4D7F-929D-CEEDB32AB4E1}.Release|Any CPU.Build.0 = Release|Any CPU
		{6D1D659E-AAC3-4D7F-929D-CEEDB32AB4E1}.Release|Win32.ActiveCfg = Release|Any CPU
		{6D1D659E-AAC3-4D7F-929D-CEEDB32AB4E1}.Release|Win32.Build.0 = Release|Any CPU
		{6D1D659E-AAC3-4D7F-929D-CEEDB32AB4E1}.Release|x64.ActiveCfg = Release|Any CPU
		{6D1D659E-AAC3-4D7F-929D-CEEDB32AB4E1}.Release|x64.Build.0 = Release|Any CPU
		{6D1D659E-AAC3-4D7F-929D-CEEDB32AB4E1}.Release|x86.ActiveCfg = Release|Any CPU
		{6D1D659E-AAC3-4D7F-929D-CEEDB32AB4E1}.Release|x86.Build.0 = Release|Any CPU
		{F9827DB2-54CF-4497-9EB3-E1AD6B11C63B}.Debug|Any CPU.ActiveCfg = Debug|Any CPU
		{F9827DB2-54CF-4497-9EB3-E1AD6B11C63B}.Debug|Any CPU.Build.0 = Debug|Any CPU
		{F9827DB2-54CF-4497-9EB3-E1AD6B11C63B}.Debug|Win32.ActiveCfg = Debug|Any CPU
		{F9827DB2-54CF-4497-9EB3-E1AD6B11C63B}.Debug|Win32.Build.0 = Debug|Any CPU
		{F9827DB2-54CF-4497-9EB3-E1AD6B11C63B}.Debug|x64.ActiveCfg = Debug|Any CPU
		{F9827DB2-54CF-4497-9EB3-E1AD6B11C63B}.Debug|x64.Build.0 = Debug|Any CPU
		{F9827DB2-54CF-4497-9EB3-E1AD6B11C63B}.Debug|x86.ActiveCfg = Debug|Any CPU
		{F9827DB2-54CF-4497-9EB3-E1AD6B11C63B}.Debug|x86.Build.0 = Debug|Any CPU
		{F9827DB2-54CF-4497-9EB3-E1AD6B11C63B}.Release|Any CPU.ActiveCfg = Release|Any CPU
		{F9827DB2-54CF-4497-9EB3-E1AD6B11C63B}.Release|Any CPU.Build.0 = Release|Any CPU
		{F9827DB2-54CF-4497-9EB3-E1AD6B11C63B}.Release|Win32.ActiveCfg = Release|Any CPU
		{F9827DB2-54CF-4497-9EB3-E1AD6B11C63B}.Release|Win32.Build.0 = Release|Any CPU
		{F9827DB2-54CF-4497-9EB3-E1AD6B11C63B}.Release|x64.ActiveCfg = Release|Any CPU
		{F9827DB2-54CF-4497-9EB3-E1AD6B11C63B}.Release|x64.Build.0 = Release|Any CPU
		{F9827DB2-54CF-4497-9EB3-E1AD6B11C63B}.Release|x86.ActiveCfg = Release|Any CPU
		{F9827DB2-54CF-4497-9EB3-E1AD6B11C63B}.Release|x86.Build.0 = Release|Any CPU
		{4459B0A1-95DD-413E-B090-79F4046043F0}.Debug|Any CPU.ActiveCfg = Debug|Any CPU
		{4459B0A1-95DD-413E-B090-79F4046043F0}.Debug|Any CPU.Build.0 = Debug|Any CPU
		{4459B0A1-95DD-413E-B090-79F4046043F0}.Debug|Win32.ActiveCfg = Debug|Any CPU
		{4459B0A1-95DD-413E-B090-79F4046043F0}.Debug|Win32.Build.0 = Debug|Any CPU
		{4459B0A1-95DD-413E-B090-79F4046043F0}.Debug|x64.ActiveCfg = Debug|Any CPU
		{4459B0A1-95DD-413E-B090-79F4046043F0}.Debug|x64.Build.0 = Debug|Any CPU
		{4459B0A1-95DD-413E-B090-79F4046043F0}.Debug|x86.ActiveCfg = Debug|Any CPU
		{4459B0A1-95DD-413E-B090-79F4046043F0}.Debug|x86.Build.0 = Debug|Any CPU
		{4459B0A1-95DD-413E-B090-79F4046043F0}.Release|Any CPU.ActiveCfg = Release|Any CPU
		{4459B0A1-95DD-413E-B090-79F4046043F0}.Release|Any CPU.Build.0 = Release|Any CPU
		{4459B0A1-95DD-413E-B090-79F4046043F0}.Release|Win32.ActiveCfg = Release|Any CPU
		{4459B0A1-95DD-413E-B090-79F4046043F0}.Release|Win32.Build.0 = Release|Any CPU
		{4459B0A1-95DD-413E-B090-79F4046043F0}.Release|x64.ActiveCfg = Release|Any CPU
		{4459B0A1-95DD-413E-B090-79F4046043F0}.Release|x64.Build.0 = Release|Any CPU
		{4459B0A1-95DD-413E-B090-79F4046043F0}.Release|x86.ActiveCfg = Release|Any CPU
		{4459B0A1-95DD-413E-B090-79F4046043F0}.Release|x86.Build.0 = Release|Any CPU
		{B1459B28-626A-4DD1-A229-C2F62815954C}.Debug|Any CPU.ActiveCfg = Debug|Any CPU
		{B1459B28-626A-4DD1-A229-C2F62815954C}.Debug|Any CPU.Build.0 = Debug|Any CPU
		{B1459B28-626A-4DD1-A229-C2F62815954C}.Debug|Win32.ActiveCfg = Debug|Any CPU
		{B1459B28-626A-4DD1-A229-C2F62815954C}.Debug|Win32.Build.0 = Debug|Any CPU
		{B1459B28-626A-4DD1-A229-C2F62815954C}.Debug|x64.ActiveCfg = Debug|Any CPU
		{B1459B28-626A-4DD1-A229-C2F62815954C}.Debug|x64.Build.0 = Debug|Any CPU
		{B1459B28-626A-4DD1-A229-C2F62815954C}.Debug|x86.ActiveCfg = Debug|Any CPU
		{B1459B28-626A-4DD1-A229-C2F62815954C}.Debug|x86.Build.0 = Debug|Any CPU
		{B1459B28-626A-4DD1-A229-C2F62815954C}.Release|Any CPU.ActiveCfg = Release|Any CPU
		{B1459B28-626A-4DD1-A229-C2F62815954C}.Release|Any CPU.Build.0 = Release|Any CPU
		{B1459B28-626A-4DD1-A229-C2F62815954C}.Release|Win32.ActiveCfg = Release|Any CPU
		{B1459B28-626A-4DD1-A229-C2F62815954C}.Release|Win32.Build.0 = Release|Any CPU
		{B1459B28-626A-4DD1-A229-C2F62815954C}.Release|x64.ActiveCfg = Release|Any CPU
		{B1459B28-626A-4DD1-A229-C2F62815954C}.Release|x64.Build.0 = Release|Any CPU
		{B1459B28-626A-4DD1-A229-C2F62815954C}.Release|x86.ActiveCfg = Release|Any CPU
		{B1459B28-626A-4DD1-A229-C2F62815954C}.Release|x86.Build.0 = Release|Any CPU
		{EA530A21-2DC5-4B20-AB83-823EB0D1733B}.Debug|Any CPU.ActiveCfg = Debug|Any CPU
		{EA530A21-2DC5-4B20-AB83-823EB0D1733B}.Debug|Any CPU.Build.0 = Debug|Any CPU
		{EA530A21-2DC5-4B20-AB83-823EB0D1733B}.Debug|Win32.ActiveCfg = Debug|Any CPU
		{EA530A21-2DC5-4B20-AB83-823EB0D1733B}.Debug|Win32.Build.0 = Debug|Any CPU
		{EA530A21-2DC5-4B20-AB83-823EB0D1733B}.Debug|x64.ActiveCfg = Debug|Any CPU
		{EA530A21-2DC5-4B20-AB83-823EB0D1733B}.Debug|x64.Build.0 = Debug|Any CPU
		{EA530A21-2DC5-4B20-AB83-823EB0D1733B}.Debug|x86.ActiveCfg = Debug|Any CPU
		{EA530A21-2DC5-4B20-AB83-823EB0D1733B}.Debug|x86.Build.0 = Debug|Any CPU
		{EA530A21-2DC5-4B20-AB83-823EB0D1733B}.Release|Any CPU.ActiveCfg = Release|Any CPU
		{EA530A21-2DC5-4B20-AB83-823EB0D1733B}.Release|Any CPU.Build.0 = Release|Any CPU
		{EA530A21-2DC5-4B20-AB83-823EB0D1733B}.Release|Win32.ActiveCfg = Release|Any CPU
		{EA530A21-2DC5-4B20-AB83-823EB0D1733B}.Release|Win32.Build.0 = Release|Any CPU
		{EA530A21-2DC5-4B20-AB83-823EB0D1733B}.Release|x64.ActiveCfg = Release|Any CPU
		{EA530A21-2DC5-4B20-AB83-823EB0D1733B}.Release|x64.Build.0 = Release|Any CPU
		{EA530A21-2DC5-4B20-AB83-823EB0D1733B}.Release|x86.ActiveCfg = Release|Any CPU
		{EA530A21-2DC5-4B20-AB83-823EB0D1733B}.Release|x86.Build.0 = Release|Any CPU
		{72C06E5B-5340-486D-93CD-0BD6B1E449CD}.Debug|Any CPU.ActiveCfg = Debug|Any CPU
		{72C06E5B-5340-486D-93CD-0BD6B1E449CD}.Debug|Any CPU.Build.0 = Debug|Any CPU
		{72C06E5B-5340-486D-93CD-0BD6B1E449CD}.Debug|Win32.ActiveCfg = Debug|Any CPU
		{72C06E5B-5340-486D-93CD-0BD6B1E449CD}.Debug|Win32.Build.0 = Debug|Any CPU
		{72C06E5B-5340-486D-93CD-0BD6B1E449CD}.Debug|x64.ActiveCfg = Debug|Any CPU
		{72C06E5B-5340-486D-93CD-0BD6B1E449CD}.Debug|x64.Build.0 = Debug|Any CPU
		{72C06E5B-5340-486D-93CD-0BD6B1E449CD}.Debug|x86.ActiveCfg = Debug|Any CPU
		{72C06E5B-5340-486D-93CD-0BD6B1E449CD}.Debug|x86.Build.0 = Debug|Any CPU
		{72C06E5B-5340-486D-93CD-0BD6B1E449CD}.Release|Any CPU.ActiveCfg = Release|Any CPU
		{72C06E5B-5340-486D-93CD-0BD6B1E449CD}.Release|Any CPU.Build.0 = Release|Any CPU
		{72C06E5B-5340-486D-93CD-0BD6B1E449CD}.Release|Win32.ActiveCfg = Release|Any CPU
		{72C06E5B-5340-486D-93CD-0BD6B1E449CD}.Release|Win32.Build.0 = Release|Any CPU
		{72C06E5B-5340-486D-93CD-0BD6B1E449CD}.Release|x64.ActiveCfg = Release|Any CPU
		{72C06E5B-5340-486D-93CD-0BD6B1E449CD}.Release|x64.Build.0 = Release|Any CPU
		{72C06E5B-5340-486D-93CD-0BD6B1E449CD}.Release|x86.ActiveCfg = Release|Any CPU
		{72C06E5B-5340-486D-93CD-0BD6B1E449CD}.Release|x86.Build.0 = Release|Any CPU
		{8B9418DF-E7D9-4F80-90FF-48D6DF4A6AE5}.Debug|Any CPU.ActiveCfg = Debug|Any CPU
		{8B9418DF-E7D9-4F80-90FF-48D6DF4A6AE5}.Debug|Any CPU.Build.0 = Debug|Any CPU
		{8B9418DF-E7D9-4F80-90FF-48D6DF4A6AE5}.Debug|Win32.ActiveCfg = Debug|Any CPU
		{8B9418DF-E7D9-4F80-90FF-48D6DF4A6AE5}.Debug|Win32.Build.0 = Debug|Any CPU
		{8B9418DF-E7D9-4F80-90FF-48D6DF4A6AE5}.Debug|x64.ActiveCfg = Debug|Any CPU
		{8B9418DF-E7D9-4F80-90FF-48D6DF4A6AE5}.Debug|x64.Build.0 = Debug|Any CPU
		{8B9418DF-E7D9-4F80-90FF-48D6DF4A6AE5}.Debug|x86.ActiveCfg = Debug|Any CPU
		{8B9418DF-E7D9-4F80-90FF-48D6DF4A6AE5}.Debug|x86.Build.0 = Debug|Any CPU
		{8B9418DF-E7D9-4F80-90FF-48D6DF4A6AE5}.Release|Any CPU.ActiveCfg = Release|Any CPU
		{8B9418DF-E7D9-4F80-90FF-48D6DF4A6AE5}.Release|Any CPU.Build.0 = Release|Any CPU
		{8B9418DF-E7D9-4F80-90FF-48D6DF4A6AE5}.Release|Win32.ActiveCfg = Release|Any CPU
		{8B9418DF-E7D9-4F80-90FF-48D6DF4A6AE5}.Release|Win32.Build.0 = Release|Any CPU
		{8B9418DF-E7D9-4F80-90FF-48D6DF4A6AE5}.Release|x64.ActiveCfg = Release|Any CPU
		{8B9418DF-E7D9-4F80-90FF-48D6DF4A6AE5}.Release|x64.Build.0 = Release|Any CPU
		{8B9418DF-E7D9-4F80-90FF-48D6DF4A6AE5}.Release|x86.ActiveCfg = Release|Any CPU
		{8B9418DF-E7D9-4F80-90FF-48D6DF4A6AE5}.Release|x86.Build.0 = Release|Any CPU
		{C7995F84-F6F3-498F-8DC8-EBF051DEB822}.Debug|Any CPU.ActiveCfg = Debug|Any CPU
		{C7995F84-F6F3-498F-8DC8-EBF051DEB822}.Debug|Any CPU.Build.0 = Debug|Any CPU
		{C7995F84-F6F3-498F-8DC8-EBF051DEB822}.Debug|Win32.ActiveCfg = Debug|Any CPU
		{C7995F84-F6F3-498F-8DC8-EBF051DEB822}.Debug|Win32.Build.0 = Debug|Any CPU
		{C7995F84-F6F3-498F-8DC8-EBF051DEB822}.Debug|x64.ActiveCfg = Debug|Any CPU
		{C7995F84-F6F3-498F-8DC8-EBF051DEB822}.Debug|x64.Build.0 = Debug|Any CPU
		{C7995F84-F6F3-498F-8DC8-EBF051DEB822}.Debug|x86.ActiveCfg = Debug|Any CPU
		{C7995F84-F6F3-498F-8DC8-EBF051DEB822}.Debug|x86.Build.0 = Debug|Any CPU
		{C7995F84-F6F3-498F-8DC8-EBF051DEB822}.Release|Any CPU.ActiveCfg = Release|Any CPU
		{C7995F84-F6F3-498F-8DC8-EBF051DEB822}.Release|Any CPU.Build.0 = Release|Any CPU
		{C7995F84-F6F3-498F-8DC8-EBF051DEB822}.Release|Win32.ActiveCfg = Release|Any CPU
		{C7995F84-F6F3-498F-8DC8-EBF051DEB822}.Release|Win32.Build.0 = Release|Any CPU
		{C7995F84-F6F3-498F-8DC8-EBF051DEB822}.Release|x64.ActiveCfg = Release|Any CPU
		{C7995F84-F6F3-498F-8DC8-EBF051DEB822}.Release|x64.Build.0 = Release|Any CPU
		{C7995F84-F6F3-498F-8DC8-EBF051DEB822}.Release|x86.ActiveCfg = Release|Any CPU
		{C7995F84-F6F3-498F-8DC8-EBF051DEB822}.Release|x86.Build.0 = Release|Any CPU
	EndGlobalSection
	GlobalSection(SolutionProperties) = preSolution
		HideSolutionNode = FALSE
	EndGlobalSection
	GlobalSection(NestedProjects) = preSolution
		{4459B0A1-95DD-413E-B090-79F4046043F0} = {F9718C33-DCDD-6A3A-DD8E-C2EA5680FB18}
		{B1459B28-626A-4DD1-A229-C2F62815954C} = {F9718C33-DCDD-6A3A-DD8E-C2EA5680FB18}
		{EA530A21-2DC5-4B20-AB83-823EB0D1733B} = {F9718C33-DCDD-6A3A-DD8E-C2EA5680FB18}
		{72C06E5B-5340-486D-93CD-0BD6B1E449CD} = {F9718C33-DCDD-6A3A-DD8E-C2EA5680FB18}
		{789766E5-F4EF-1200-FD64-4C9D1BF4A748} = {F9718C33-DCDD-6A3A-DD8E-C2EA5680FB18}
		{8B9418DF-E7D9-4F80-90FF-48D6DF4A6AE5} = {789766E5-F4EF-1200-FD64-4C9D1BF4A748}
		{C7995F84-F6F3-498F-8DC8-EBF051DEB822} = {F9718C33-DCDD-6A3A-DD8E-C2EA5680FB18}
	EndGlobalSection
	GlobalSection(ExtensibilityGlobals) = postSolution
		SolutionGuid = {97B1F0DE-41C2-4A56-A5E1-311682875B4C}
	EndGlobalSection
EndGlobal
